{
    "version": 3,
    "terraform_version": "0.9.8",
    "serial": 11,
    "lineage": "f79a065d-e2bd-4cdd-951e-4612a0b1ee89",
    "modules": [
        {
            "path": [
                "root"
            ],
            "outputs": {},
            "resources": {
                "aws_db_instance.rds": {
                    "type": "aws_db_instance",
                    "depends_on": [
                        "aws_db_subnet_group.rds",
                        "aws_security_group.rds"
                    ],
                    "primary": {
                        "id": "terraform-00020021c1ed089e3e677984f1",
                        "attributes": {
                            "address": "terraform-00020021c1ed089e3e677984f1.cq2bxwcm2wi2.us-west-2.rds.amazonaws.com",
                            "allocated_storage": "5",
                            "arn": "arn:aws:rds:us-west-2:258061268822:db:terraform-00020021c1ed089e3e677984f1",
                            "auto_minor_version_upgrade": "true",
                            "availability_zone": "us-west-2a",
                            "backup_retention_period": "0",
                            "backup_window": "06:28-06:58",
                            "copy_tags_to_snapshot": "false",
                            "db_subnet_group_name": "subnet_group",
                            "endpoint": "terraform-00020021c1ed089e3e677984f1.cq2bxwcm2wi2.us-west-2.rds.amazonaws.com:3306",
                            "engine": "mysql",
                            "engine_version": "5.6.27",
                            "hosted_zone_id": "Z1PVIF0B656C1W",
                            "iam_database_authentication_enabled": "false",
                            "id": "terraform-00020021c1ed089e3e677984f1",
                            "identifier": "terraform-00020021c1ed089e3e677984f1",
                            "instance_class": "db.t2.micro",
                            "iops": "0",
                            "kms_key_id": "",
                            "license_model": "general-public-license",
                            "maintenance_window": "wed:08:09-wed:08:39",
                            "monitoring_interval": "0",
                            "multi_az": "false",
                            "name": "wordpress",
                            "option_group_name": "default:mysql-5-6",
                            "parameter_group_name": "default.mysql5.6",
                            "password": "myverystrongpassword",
                            "port": "3306",
                            "publicly_accessible": "false",
                            "replicas.#": "0",
                            "replicate_source_db": "",
                            "resource_id": "db-3UCSGLMBQL6T56JRHSINHFAVXY",
                            "security_group_names.#": "0",
                            "skip_final_snapshot": "true",
                            "status": "available",
                            "storage_encrypted": "false",
                            "storage_type": "standard",
                            "tags.%": "0",
                            "timezone": "",
                            "username": "wp",
                            "vpc_security_group_ids.#": "1",
                            "vpc_security_group_ids.3282934004": "sg-05566cbe643e5ee37"
                        },
                        "meta": {},
                        "tainted": false
                    },
                    "deposed": [],
                    "provider": ""
                },
                "aws_db_subnet_group.rds": {
                    "type": "aws_db_subnet_group",
                    "depends_on": [
                        "aws_subnet.private_subnet_zoneA",
                        "aws_subnet.private_subnet_zoneB"
                    ],
                    "primary": {
                        "id": "subnet_group",
                        "attributes": {
                            "arn": "arn:aws:rds:us-west-2:258061268822:subgrp:subnet_group",
                            "description": "Managed by Terraform",
                            "id": "subnet_group",
                            "name": "subnet_group",
                            "subnet_ids.#": "2",
                            "subnet_ids.2818903048": "subnet-03670d34e19411725",
                            "subnet_ids.534776626": "subnet-01bc4a4fa358c98d9",
                            "tags.%": "0"
                        },
                        "meta": {},
                        "tainted": false
                    },
                    "deposed": [],
                    "provider": ""
                },
                "aws_security_group.rds": {
                    "type": "aws_security_group",
                    "depends_on": [
                        "aws_subnet.private_subnet_zoneA",
                        "aws_subnet.private_subnet_zoneB",
                        "aws_vpc.vpc_wordpress"
                    ],
                    "primary": {
                        "id": "sg-05566cbe643e5ee37",
                        "attributes": {
                            "description": "Allow mysql port",
                            "egress.#": "0",
                            "id": "sg-05566cbe643e5ee37",
                            "ingress.#": "1",
                            "ingress.2705982278.cidr_blocks.#": "2",
                            "ingress.2705982278.cidr_blocks.0": "10.0.10.0/24",
                            "ingress.2705982278.cidr_blocks.1": "10.0.11.0/24",
                            "ingress.2705982278.from_port": "3306",
                            "ingress.2705982278.ipv6_cidr_blocks.#": "0",
                            "ingress.2705982278.protocol": "tcp",
                            "ingress.2705982278.security_groups.#": "0",
                            "ingress.2705982278.self": "false",
                            "ingress.2705982278.to_port": "3306",
                            "name": "mysql",
                            "owner_id": "258061268822",
                            "tags.%": "0",
                            "vpc_id": "vpc-0d3a393f0ebadb157"
                        },
                        "meta": {},
                        "tainted": false
                    },
                    "deposed": [],
                    "provider": ""
                },
                "aws_subnet.private_subnet_zoneA": {
                    "type": "aws_subnet",
                    "depends_on": [
                        "aws_vpc.vpc_wordpress"
                    ],
                    "primary": {
                        "id": "subnet-01bc4a4fa358c98d9",
                        "attributes": {
                            "assign_ipv6_address_on_creation": "false",
                            "availability_zone": "us-west-2a",
                            "cidr_block": "10.0.10.0/24",
                            "id": "subnet-01bc4a4fa358c98d9",
                            "map_public_ip_on_launch": "false",
                            "tags.%": "0",
                            "vpc_id": "vpc-0d3a393f0ebadb157"
                        },
                        "meta": {
                            "schema_version": "1"
                        },
                        "tainted": false
                    },
                    "deposed": [],
                    "provider": ""
                },
                "aws_subnet.private_subnet_zoneB": {
                    "type": "aws_subnet",
                    "depends_on": [
                        "aws_vpc.vpc_wordpress"
                    ],
                    "primary": {
                        "id": "subnet-03670d34e19411725",
                        "attributes": {
                            "assign_ipv6_address_on_creation": "false",
                            "availability_zone": "us-west-2b",
                            "cidr_block": "10.0.11.0/24",
                            "id": "subnet-03670d34e19411725",
                            "map_public_ip_on_launch": "false",
                            "tags.%": "0",
                            "vpc_id": "vpc-0d3a393f0ebadb157"
                        },
                        "meta": {
                            "schema_version": "1"
                        },
                        "tainted": false
                    },
                    "deposed": [],
                    "provider": ""
                },
                "aws_vpc.vpc_wordpress": {
                    "type": "aws_vpc",
                    "depends_on": [],
                    "primary": {
                        "id": "vpc-0d3a393f0ebadb157",
                        "attributes": {
                            "assign_generated_ipv6_cidr_block": "false",
                            "cidr_block": "10.0.0.0/16",
                            "default_network_acl_id": "acl-044acb75c8bdbf975",
                            "default_route_table_id": "rtb-0c3d008d35adc1c79",
                            "default_security_group_id": "sg-09bdb75d04c3bd952",
                            "dhcp_options_id": "dopt-05c6b57c",
                            "enable_classiclink": "false",
                            "enable_dns_hostnames": "true",
                            "enable_dns_support": "true",
                            "id": "vpc-0d3a393f0ebadb157",
                            "instance_tenancy": "default",
                            "main_route_table_id": "rtb-0c3d008d35adc1c79",
                            "tags.%": "0"
                        },
                        "meta": {
                            "schema_version": "1"
                        },
                        "tainted": false
                    },
                    "deposed": [],
                    "provider": ""
                }
            },
            "depends_on": []
        }
    ]
}
